<?xml version="1.0" encoding="utf-8"?>
<Project ToolsVersion="4.0" xmlns="http://schemas.microsoft.com/developer/msbuild/2003">
  <ItemGroup>
    <Filter Include="Assets">
      <UniqueIdentifier>{67DA6AB6-F800-4c08-8B7A-83BB121AAD01}</UniqueIdentifier>
      <Extensions>rc;ico;cur;bmp;dlg;rc2;rct;bin;rgs;gif;jpg;jpeg;jpe;resx;tiff;tif;png;wav;mfcribbon-ms</Extensions>
    </Filter>
    <Filter Include="Shaders">
      <UniqueIdentifier>{e37be5a0-dacb-48d7-abb1-2e56e68abc38}</UniqueIdentifier>
    </Filter>
    <Filter Include="Source">
      <UniqueIdentifier>{5f80790e-b465-4835-96a2-e2be006fa4e0}</UniqueIdentifier>
    </Filter>
    <Filter Include="Source\Application">
      <UniqueIdentifier>{9e45fcc5-3f9a-46d1-a635-cf1643dfba0e}</UniqueIdentifier>
    </Filter>
    <Filter Include="Source\Debug">
      <UniqueIdentifier>{b1b11fb5-58df-4f76-ba19-c5d81ef42aa9}</UniqueIdentifier>
    </Filter>
    <Filter Include="Source\Rendering">
      <UniqueIdentifier>{54998ebc-59f7-49ea-b747-2eb4b33709a8}</UniqueIdentifier>
    </Filter>
    <Filter Include="Source\Renderables">
      <UniqueIdentifier>{e536383e-3310-4013-be0e-6e118eaa9264}</UniqueIdentifier>
    </Filter>
    <Filter Include="Source\Materials">
      <UniqueIdentifier>{36c43ebf-339b-491a-9b1e-717b23624978}</UniqueIdentifier>
    </Filter>
    <Filter Include="Source\Lights">
      <UniqueIdentifier>{8c14f6fb-8d7f-4dac-9e47-c083f9a0fa18}</UniqueIdentifier>
    </Filter>
    <Filter Include="FW1FontWrapper">
      <UniqueIdentifier>{dd7b8484-5213-4462-8fd2-841838bbef3d}</UniqueIdentifier>
    </Filter>
    <Filter Include="Source\Voxel Cone Tracing">
      <UniqueIdentifier>{d213c8e6-4259-4adc-99da-a78fbe69679d}</UniqueIdentifier>
    </Filter>
    <Filter Include="Shaders\Debug">
      <UniqueIdentifier>{bca9ef4e-9e46-48f9-92e8-a6c66be9c08d}</UniqueIdentifier>
    </Filter>
  </ItemGroup>
  <ItemGroup>
    <ClCompile Include="main.cpp">
      <Filter>Source\Application</Filter>
    </ClCompile>
    <ClCompile Include="Application.cpp">
      <Filter>Source\Application</Filter>
    </ClCompile>
    <ClCompile Include="Renderer.cpp">
      <Filter>Source\Rendering</Filter>
    </ClCompile>
    <ClCompile Include="InputManager.cpp">
      <Filter>Source\Application</Filter>
    </ClCompile>
    <ClCompile Include="D3DWrapper.cpp">
      <Filter>Source\Rendering</Filter>
    </ClCompile>
    <ClCompile Include="Mesh.cpp">
      <Filter>Source\Renderables</Filter>
    </ClCompile>
    <ClCompile Include="Camera.cpp">
      <Filter>Source\Rendering</Filter>
    </ClCompile>
    <ClCompile Include="Material.cpp">
      <Filter>Source\Materials</Filter>
    </ClCompile>
    <ClCompile Include="DirectionalLight.cpp">
      <Filter>Source\Lights</Filter>
    </ClCompile>
    <ClCompile Include="MaterialLibrary.cpp">
      <Filter>Source\Materials</Filter>
    </ClCompile>
    <ClCompile Include="Timer.cpp">
      <Filter>Source\Application</Filter>
    </ClCompile>
    <ClCompile Include="PointLight.cpp">
      <Filter>Source\Lights</Filter>
    </ClCompile>
    <ClCompile Include="LightManager.cpp">
      <Filter>Source\Lights</Filter>
    </ClCompile>
    <ClCompile Include="OmnidirectionalShadowMap.cpp">
      <Filter>Source\Lights</Filter>
    </ClCompile>
    <ClCompile Include="OrthoWindow.cpp">
      <Filter>Source\Renderables</Filter>
    </ClCompile>
    <ClCompile Include="DeferredRender.cpp">
      <Filter>Source\Rendering</Filter>
    </ClCompile>
    <ClCompile Include="GPUProfiler.cpp">
      <Filter>Source\Application</Filter>
    </ClCompile>
    <ClCompile Include="DebugLog.cpp">
      <Filter>Source\Application</Filter>
    </ClCompile>
    <ClCompile Include="AABB.cpp">
      <Filter>Source\Rendering</Filter>
    </ClCompile>
    <ClCompile Include="Texture2D.cpp">
      <Filter>Source\Materials</Filter>
    </ClCompile>
    <ClCompile Include="RenderTextureToScreen.cpp">
      <Filter>Source\Debug</Filter>
    </ClCompile>
    <ClCompile Include="Texture3D.cpp">
      <Filter>Source\Materials</Filter>
    </ClCompile>
    <ClCompile Include="VoxelisedScene.cpp">
      <Filter>Source\Voxel Cone Tracing</Filter>
    </ClCompile>
    <ClCompile Include="RenderPass.cpp">
      <Filter>Source\Rendering</Filter>
    </ClCompile>
  </ItemGroup>
  <ItemGroup>
    <ClInclude Include="Application.h">
      <Filter>Source\Application</Filter>
    </ClInclude>
    <ClInclude Include="Debugging.h">
      <Filter>Source\Debug</Filter>
    </ClInclude>
    <ClInclude Include="Renderer.h">
      <Filter>Source\Rendering</Filter>
    </ClInclude>
    <ClInclude Include="InputManager.h">
      <Filter>Source\Application</Filter>
    </ClInclude>
    <ClInclude Include="D3DWrapper.h">
      <Filter>Source\Rendering</Filter>
    </ClInclude>
    <ClInclude Include="Mesh.h">
      <Filter>Source\Renderables</Filter>
    </ClInclude>
    <ClInclude Include="Camera.h">
      <Filter>Source\Rendering</Filter>
    </ClInclude>
    <ClInclude Include="Material.h">
      <Filter>Source\Materials</Filter>
    </ClInclude>
    <ClInclude Include="DirectionalLight.h">
      <Filter>Source\Lights</Filter>
    </ClInclude>
    <ClInclude Include="MaterialLibrary.h">
      <Filter>Source\Materials</Filter>
    </ClInclude>
    <ClInclude Include="Timer.h">
      <Filter>Source\Application</Filter>
    </ClInclude>
    <ClInclude Include="PointLight.h">
      <Filter>Source\Lights</Filter>
    </ClInclude>
    <ClInclude Include="LightManager.h">
      <Filter>Source\Lights</Filter>
    </ClInclude>
    <ClInclude Include="OmnidirectionalShadowMap.h">
      <Filter>Source\Lights</Filter>
    </ClInclude>
    <ClInclude Include="OrthoWindow.h">
      <Filter>Source\Renderables</Filter>
    </ClInclude>
    <ClInclude Include="DeferredRender.h">
      <Filter>Source\Rendering</Filter>
    </ClInclude>
    <ClInclude Include="..\FW1FontWrapper\FW1FontWrapper.h">
      <Filter>FW1FontWrapper</Filter>
    </ClInclude>
    <ClInclude Include="GPUProfiler.h">
      <Filter>Source\Application</Filter>
    </ClInclude>
    <ClInclude Include="DebugLog.h">
      <Filter>Source\Application</Filter>
    </ClInclude>
    <ClInclude Include="AABB.h">
      <Filter>Source\Rendering</Filter>
    </ClInclude>
    <ClInclude Include="Texture2D.h">
      <Filter>Source\Materials</Filter>
    </ClInclude>
    <ClInclude Include="RenderTextureToScreen.h">
      <Filter>Source\Debug</Filter>
    </ClInclude>
    <ClInclude Include="Texture3D.h">
      <Filter>Source\Materials</Filter>
    </ClInclude>
    <ClInclude Include="VoxelisedScene.h">
      <Filter>Source\Voxel Cone Tracing</Filter>
    </ClInclude>
    <ClInclude Include="RenderPass.h">
      <Filter>Source\Rendering</Filter>
    </ClInclude>
  </ItemGroup>
  <ItemGroup>
    <FxCompile Include="Material.hlsl">
      <Filter>Shaders</Filter>
    </FxCompile>
    <FxCompile Include="OmniShadowMap.hlsl">
      <Filter>Shaders</Filter>
    </FxCompile>
    <FxCompile Include="DeferredShader.hlsl">
      <Filter>Shaders</Filter>
    </FxCompile>
    <FxCompile Include="LightingPass.hlsl">
      <Filter>Shaders</Filter>
    </FxCompile>
    <FxCompile Include="Voxelise_Clear.hlsl">
      <Filter>Shaders</Filter>
    </FxCompile>
    <FxCompile Include="Voxelise_Populate.hlsl">
      <Filter>Shaders</Filter>
    </FxCompile>
    <FxCompile Include="RenderTexToScreen.hlsl">
      <Filter>Shaders\Debug</Filter>
    </FxCompile>
    <FxCompile Include="VoxelRenderShader.hlsl">
      <Filter>Shaders\Debug</Filter>
    </FxCompile>
    <FxCompile Include="InjectRadiance.hlsl">
      <Filter>Shaders</Filter>
    </FxCompile>
    <FxCompile Include="GenerateMips.hlsl">
      <Filter>Shaders</Filter>
    </FxCompile>
    <FxCompile Include="GenerateOctree.hlsl">
      <Filter>Shaders</Filter>
    </FxCompile>
    <FxCompile Include="ImageComparison.hlsl">
      <Filter>Shaders</Filter>
    </FxCompile>
  </ItemGroup>
</Project>